{
  "lockfile_version": "1",
  "packages": {
    "dart@3.4.4": {
      "last_modified": "2024-08-14T11:41:26Z",
      "resolved": "github:NixOS/nixpkgs/0cb2fd7c59fed0cd82ef858cbcbdb552b9a33465#dart",
      "source": "devbox-search",
      "version": "3.4.4",
      "systems": {
        "aarch64-darwin": {
          "outputs": [
            {
              "name": "out",
              "path": "/nix/store/lg0qylmpsckl6zbc1kfiwrdmc21c8gmq-dart-3.4.4",
              "default": true
            }
          ],
          "store_path": "/nix/store/lg0qylmpsckl6zbc1kfiwrdmc21c8gmq-dart-3.4.4"
        },
        "aarch64-linux": {
          "outputs": [
            {
              "name": "out",
              "path": "/nix/store/k92ccxpkhzsnph5l8sp35xv9d5pkh3fk-dart-3.4.4",
              "default": true
            }
          ],
          "store_path": "/nix/store/k92ccxpkhzsnph5l8sp35xv9d5pkh3fk-dart-3.4.4"
        },
        "x86_64-darwin": {
          "outputs": [
            {
              "name": "out",
              "path": "/nix/store/klkdbfw042mayypn9g8gh9glw3gcwkqz-dart-3.4.4",
              "default": true
            }
          ],
          "store_path": "/nix/store/klkdbfw042mayypn9g8gh9glw3gcwkqz-dart-3.4.4"
        },
        "x86_64-linux": {
          "outputs": [
            {
              "name": "out",
              "path": "/nix/store/gng3x8glmbfw36gs514496lz0w9yvd2c-dart-3.4.4",
              "default": true
            }
          ],
          "store_path": "/nix/store/gng3x8glmbfw36gs514496lz0w9yvd2c-dart-3.4.4"
        }
      }
    },
    "duckdb@latest": {
      "last_modified": "2024-12-01T14:53:25Z",
      "resolved": "github:NixOS/nixpkgs/31d66ae40417bb13765b0ad75dd200400e98de84#duckdb",
      "source": "devbox-search",
      "version": "1.1.3",
      "systems": {
        "aarch64-darwin": {
          "outputs": [
            {
              "name": "out",
              "path": "/nix/store/431hirjq4j9cd2rlgwikiv73sgggdlpk-duckdb-1.1.3",
              "default": true
            },
            {
              "name": "lib",
              "path": "/nix/store/4flnfn0vgx96y5r9igkwkzs28crrm3zf-duckdb-1.1.3-lib"
            },
            {
              "name": "dev",
              "path": "/nix/store/gqwv0a89sk57k7xkd4cv23d5jzim9ml0-duckdb-1.1.3-dev"
            }
          ],
          "store_path": "/nix/store/431hirjq4j9cd2rlgwikiv73sgggdlpk-duckdb-1.1.3"
        },
        "aarch64-linux": {
          "outputs": [
            {
              "name": "out",
              "path": "/nix/store/da684nikjbvb44js4caxg5dvk9d2d292-duckdb-1.1.3",
              "default": true
            },
            {
              "name": "dev",
              "path": "/nix/store/daz1cplkxxhsgi5gfgmb936q8yg3m7wf-duckdb-1.1.3-dev"
            },
            {
              "name": "lib",
              "path": "/nix/store/i4q8smc96v49xhxxn60akdfci8jn9p6n-duckdb-1.1.3-lib"
            }
          ],
          "store_path": "/nix/store/da684nikjbvb44js4caxg5dvk9d2d292-duckdb-1.1.3"
        },
        "x86_64-darwin": {
          "outputs": [
            {
              "name": "out",
              "path": "/nix/store/8dqg63jfxnpgdi7r97hqxclisyf00jwd-duckdb-1.1.3",
              "default": true
            },
            {
              "name": "dev",
              "path": "/nix/store/nfqrj3h2vxds2fyazqrxrfa42n1k6y5x-duckdb-1.1.3-dev"
            },
            {
              "name": "lib",
              "path": "/nix/store/ysm804k23a260rmr9awzfk71x52kkvzr-duckdb-1.1.3-lib"
            }
          ],
          "store_path": "/nix/store/8dqg63jfxnpgdi7r97hqxclisyf00jwd-duckdb-1.1.3"
        },
        "x86_64-linux": {
          "outputs": [
            {
              "name": "out",
              "path": "/nix/store/b8hya5as7v6vyimvnh4j0s5gh01jmxra-duckdb-1.1.3",
              "default": true
            },
            {
              "name": "dev",
              "path": "/nix/store/cgm8wfdl4g1mfgqv10la0ng4hng80d0r-duckdb-1.1.3-dev"
            },
            {
              "name": "lib",
              "path": "/nix/store/4cwr15d9lwin1qpp45bwsd0qdn91av5l-duckdb-1.1.3-lib"
            }
          ],
          "store_path": "/nix/store/b8hya5as7v6vyimvnh4j0s5gh01jmxra-duckdb-1.1.3"
        }
      }
    },
    "go@1.23.1": {
      "last_modified": "2024-09-10T15:01:03Z",
      "resolved": "github:NixOS/nixpkgs/5ed627539ac84809c78b2dd6d26a5cebeb5ae269#go_1_23",
      "source": "devbox-search",
      "version": "1.23.1",
      "systems": {
        "aarch64-darwin": {
          "outputs": [
            {
              "name": "out",
              "path": "/nix/store/nvaay1c4banbccyvv6ba1gzyqpypjmfq-go-1.23.1",
              "default": true
            }
          ],
          "store_path": "/nix/store/nvaay1c4banbccyvv6ba1gzyqpypjmfq-go-1.23.1"
        },
        "aarch64-linux": {
          "outputs": [
            {
              "name": "out",
              "path": "/nix/store/9ylsay11jb3p6yarkmlz0fin76cdypwa-go-1.23.1",
              "default": true
            }
          ],
          "store_path": "/nix/store/9ylsay11jb3p6yarkmlz0fin76cdypwa-go-1.23.1"
        },
        "x86_64-darwin": {
          "outputs": [
            {
              "name": "out",
              "path": "/nix/store/zkg5xhyx2rs03dq0qp14nqlx9ff1y5c5-go-1.23.1",
              "default": true
            }
          ],
          "store_path": "/nix/store/zkg5xhyx2rs03dq0qp14nqlx9ff1y5c5-go-1.23.1"
        },
        "x86_64-linux": {
          "outputs": [
            {
              "name": "out",
              "path": "/nix/store/mi0ybwsm6pmxzv9hsm6bcbqaq1pkf8wh-go-1.23.1",
              "default": true
            }
          ],
          "store_path": "/nix/store/mi0ybwsm6pmxzv9hsm6bcbqaq1pkf8wh-go-1.23.1"
        }
      }
    },
    "sqlc@latest": {
      "last_modified": "2024-11-28T07:51:56Z",
      "resolved": "github:NixOS/nixpkgs/226216574ada4c3ecefcbbec41f39ce4655f78ef#sqlc",
      "source": "devbox-search",
      "version": "1.27.0",
      "systems": {
        "aarch64-darwin": {
          "outputs": [
            {
              "name": "out",
              "path": "/nix/store/nv7n7v77blj22ycymjxr7nbr26gdhfqb-sqlc-1.27.0",
              "default": true
            }
          ],
          "store_path": "/nix/store/nv7n7v77blj22ycymjxr7nbr26gdhfqb-sqlc-1.27.0"
        },
        "aarch64-linux": {
          "outputs": [
            {
              "name": "out",
              "path": "/nix/store/3xklmmk7x08yr31k3wa0hks890sz98r9-sqlc-1.27.0",
              "default": true
            }
          ],
          "store_path": "/nix/store/3xklmmk7x08yr31k3wa0hks890sz98r9-sqlc-1.27.0"
        },
        "x86_64-darwin": {
          "outputs": [
            {
              "name": "out",
              "path": "/nix/store/8qhdd418krfkrmczn959m5hv9184b9yb-sqlc-1.27.0",
              "default": true
            }
          ],
          "store_path": "/nix/store/8qhdd418krfkrmczn959m5hv9184b9yb-sqlc-1.27.0"
        },
        "x86_64-linux": {
          "outputs": [
            {
              "name": "out",
              "path": "/nix/store/6mcdgk9rg9g4kia87jjv25h90b2n9r62-sqlc-1.27.0",
              "default": true
            }
          ],
          "store_path": "/nix/store/6mcdgk9rg9g4kia87jjv25h90b2n9r62-sqlc-1.27.0"
        }
      }
    },
    "toybox@latest": {
      "last_modified": "2024-11-28T07:51:56Z",
      "resolved": "github:NixOS/nixpkgs/226216574ada4c3ecefcbbec41f39ce4655f78ef#toybox",
      "source": "devbox-search",
      "version": "0.8.11",
      "systems": {
        "aarch64-darwin": {
          "outputs": [
            {
              "name": "out",
              "path": "/nix/store/a75xhmrc9vq0pkw4m1i4afw7pdhdvrl5-toybox-0.8.11",
              "default": true
            }
          ],
          "store_path": "/nix/store/a75xhmrc9vq0pkw4m1i4afw7pdhdvrl5-toybox-0.8.11"
        },
        "aarch64-linux": {
          "outputs": [
            {
              "name": "out",
              "path": "/nix/store/v307nz39hmij4030va0aizl8sfvj4v7l-toybox-0.8.11",
              "default": true
            }
          ],
          "store_path": "/nix/store/v307nz39hmij4030va0aizl8sfvj4v7l-toybox-0.8.11"
        },
        "x86_64-darwin": {
          "outputs": [
            {
              "name": "out",
              "path": "/nix/store/2173239dhi10kpn0n832v1pk1vvwgyx0-toybox-0.8.11",
              "default": true
            }
          ],
          "store_path": "/nix/store/2173239dhi10kpn0n832v1pk1vvwgyx0-toybox-0.8.11"
        },
        "x86_64-linux": {
          "outputs": [
            {
              "name": "out",
              "path": "/nix/store/1zgl44pclf2q6khkbz5zpkvg0alap9v4-toybox-0.8.11",
              "default": true
            }
          ],
          "store_path": "/nix/store/1zgl44pclf2q6khkbz5zpkvg0alap9v4-toybox-0.8.11"
        }
      }
    }
  }
}
